PODS:
  - AppAuth (1.7.6):
    - AppAuth/Core (= 1.7.6)
    - AppAuth/ExternalUserAgent (= 1.7.6)
  - AppAuth/Core (1.7.6)
  - AppAuth/ExternalUserAgent (1.7.6):
    - AppAuth/Core
  - BCrypt (1.0.0)
  - WepinCommon (1.1.0)
  - WepinCore (1.1.0):
    - WepinCommon (~> 1.1.0)
  - WepinLogin (1.1.0):
    - AppAuth (~> 1.7.5)
    - BCrypt (~> 1.0.0)
    - WepinCommon (~> 1.1.0)
    - WepinCore (~> 1.1.0)
  - WepinModal (1.1.0)
  - WepinWidget (1.1.0):
    - WepinCommon (~> 1.1.0)
    - WepinCore (~> 1.1.0)
    - WepinLogin (~> 1.1.0)
    - WepinModal (~> 1.1.0)

DEPENDENCIES:
  - WepinCommon (from `../../WepinCommon`)
  - WepinCore (from `../../WepinCore`)
  - WepinLogin (from `../../WepinLogin`)
  - WepinModal (from `../../WepinModal`)
  - WepinWidget (from `../`)

SPEC REPOS:
  trunk:
    - AppAuth
    - BCrypt

EXTERNAL SOURCES:
  WepinCommon:
    :path: "../../WepinCommon"
  WepinCore:
    :path: "../../WepinCore"
  WepinLogin:
    :path: "../../WepinLogin"
  WepinModal:
    :path: "../../WepinModal"
  WepinWidget:
    :path: "../"

SPEC CHECKSUMS:
  AppAuth: d4f13a8fe0baf391b2108511793e4b479691fb73
  BCrypt: 712b656110e5020d319c547e4d8f3053ded82b2a
  WepinCommon: 6a797e399bff297556a84a5f17dcd4507a805d51
  WepinCore: 7a4446904fc8389fa9b6c3d1d3ab750833eccf85
  WepinLogin: b4e38c10b05ea1b5c3ff14c053bde6e0c5b92cc5
  WepinModal: ab51a8783a10f52c80158bb14f8036842b8733a6
  WepinWidget: 4d78e4df89a5e55145fb2c8524f6206014d89dcf

PODFILE CHECKSUM: df98f0b9bbf3cec85bdcc585249a09464374a528

COCOAPODS: 1.16.2
